
Microsoft Visual Studio Solution File, Format Version 12.00
# Visual Studio Version 16
VisualStudioVersion = 16.0.30413.136
MinimumVisualStudioVersion = 10.0.40219.1
Project("{FAE04EC0-301F-11D3-BF4B-00C04F79EFBC}") = "Team6_MIS4200", "Team6_MIS4200.csproj", "{83F9741D-B71B-495B-830F-922DF6ED61BD}"
EndProject
Global
	GlobalSection(SolutionConfigurationPlatforms) = preSolution
		Debug|Any CPU = Debug|Any CPU
		Release|Any CPU = Release|Any CPU
	EndGlobalSection
	GlobalSection(ProjectConfigurationPlatforms) = postSolution
		{83F9741D-B71B-495B-830F-922DF6ED61BD}.Debug|Any CPU.ActiveCfg = Debug|Any CPU
		{83F9741D-B71B-495B-830F-922DF6ED61BD}.Debug|Any CPU.Build.0 = Debug|Any CPU
		{83F9741D-B71B-495B-830F-922DF6ED61BD}.Release|Any CPU.ActiveCfg = Release|Any CPU
		{83F9741D-B71B-495B-830F-922DF6ED61BD}.Release|Any CPU.Build.0 = Release|Any CPU
	EndGlobalSection
	GlobalSection(SolutionProperties) = preSolution
		HideSolutionNode = FALSE
	EndGlobalSection
	GlobalSection(ExtensibilityGlobals) = postSolution
		SolutionGuid = {EE28CDDC-5619-4942-8076-6B0544947D31}
	EndGlobalSection
EndGlobal
